
Microsoft Visual Studio Solution File, Format Version 12.00
# Visual Studio 15
VisualStudioVersion = 15.0.28307.489
MinimumVisualStudioVersion = 10.0.40219.1
Project("{FAE04EC0-301F-11D3-BF4B-00C04F79EFBC}") = "ClassificationAddIn", "ClassificationAddIn\ClassificationAddIn.csproj", "{853B5363-632E-42A1-8ED2-6A2247105144}"
EndProject
Global
	GlobalSection(SolutionConfigurationPlatforms) = preSolution
		Debug|Any CPU = Debug|Any CPU
		Release|Any CPU = Release|Any CPU
	EndGlobalSection
	GlobalSection(ProjectConfigurationPlatforms) = postSolution
		{853B5363-632E-42A1-8ED2-6A2247105144}.Debug|Any CPU.ActiveCfg = Debug|Any CPU
		{853B5363-632E-42A1-8ED2-6A2247105144}.Debug|Any CPU.Build.0 = Debug|Any CPU
		{853B5363-632E-42A1-8ED2-6A2247105144}.Release|Any CPU.ActiveCfg = Release|Any CPU
		{853B5363-632E-42A1-8ED2-6A2247105144}.Release|Any CPU.Build.0 = Release|Any CPU
	EndGlobalSection
	GlobalSection(SolutionProperties) = preSolution
		HideSolutionNode = FALSE
	EndGlobalSection
	GlobalSection(ExtensibilityGlobals) = postSolution
		SolutionGuid = {B3BC6BF2-2007-4734-A52F-1152C5102E81}
	EndGlobalSection
EndGlobal
